
Microsoft Visual Studio Solution File, Format Version 12.00
# Visual Studio 2013
VisualStudioVersion = 12.0.30723.0
MinimumVisualStudioVersion = 10.0.40219.1
Project("{262852C6-CD72-467D-83FE-5EEB1973A190}") = "patient-desktop-client", "patient-desktop-client\patient-desktop-client.jsproj", "{D3878625-2AAA-446C-A629-BDA795360C62}"
EndProject
Project("{2150E333-8FDC-42A3-9474-1A3956D46DE8}") = "Solution Items", "Solution Items", "{4A144CBF-01B1-46B8-B691-39EE442A1726}"
	ProjectSection(SolutionItems) = preProject
		README.md = README.md
	EndProjectSection
EndProject
Global
	GlobalSection(SolutionConfigurationPlatforms) = preSolution
		Debug|Any CPU = Debug|Any CPU
		Debug|ARM = Debug|ARM
		Debug|x64 = Debug|x64
		Debug|x86 = Debug|x86
		Release|Any CPU = Release|Any CPU
		Release|ARM = Release|ARM
		Release|x64 = Release|x64
		Release|x86 = Release|x86
	EndGlobalSection
	GlobalSection(ProjectConfigurationPlatforms) = postSolution
		{D3878625-2AAA-446C-A629-BDA795360C62}.Debug|Any CPU.ActiveCfg = Debug|x86
		{D3878625-2AAA-446C-A629-BDA795360C62}.Debug|Any CPU.Build.0 = Debug|x86
		{D3878625-2AAA-446C-A629-BDA795360C62}.Debug|Any CPU.Deploy.0 = Debug|x86
		{D3878625-2AAA-446C-A629-BDA795360C62}.Debug|ARM.ActiveCfg = Debug|ARM
		{D3878625-2AAA-446C-A629-BDA795360C62}.Debug|ARM.Build.0 = Debug|ARM
		{D3878625-2AAA-446C-A629-BDA795360C62}.Debug|ARM.Deploy.0 = Debug|ARM
		{D3878625-2AAA-446C-A629-BDA795360C62}.Debug|x64.ActiveCfg = Debug|x64
		{D3878625-2AAA-446C-A629-BDA795360C62}.Debug|x64.Build.0 = Debug|x64
		{D3878625-2AAA-446C-A629-BDA795360C62}.Debug|x64.Deploy.0 = Debug|x64
		{D3878625-2AAA-446C-A629-BDA795360C62}.Debug|x86.ActiveCfg = Debug|x86
		{D3878625-2AAA-446C-A629-BDA795360C62}.Debug|x86.Build.0 = Debug|x86
		{D3878625-2AAA-446C-A629-BDA795360C62}.Debug|x86.Deploy.0 = Debug|x86
		{D3878625-2AAA-446C-A629-BDA795360C62}.Release|Any CPU.ActiveCfg = Release|Any CPU
		{D3878625-2AAA-446C-A629-BDA795360C62}.Release|Any CPU.Build.0 = Release|Any CPU
		{D3878625-2AAA-446C-A629-BDA795360C62}.Release|Any CPU.Deploy.0 = Release|Any CPU
		{D3878625-2AAA-446C-A629-BDA795360C62}.Release|ARM.ActiveCfg = Release|ARM
		{D3878625-2AAA-446C-A629-BDA795360C62}.Release|ARM.Build.0 = Release|ARM
		{D3878625-2AAA-446C-A629-BDA795360C62}.Release|ARM.Deploy.0 = Release|ARM
		{D3878625-2AAA-446C-A629-BDA795360C62}.Release|x64.ActiveCfg = Release|x64
		{D3878625-2AAA-446C-A629-BDA795360C62}.Release|x64.Build.0 = Release|x64
		{D3878625-2AAA-446C-A629-BDA795360C62}.Release|x64.Deploy.0 = Release|x64
		{D3878625-2AAA-446C-A629-BDA795360C62}.Release|x86.ActiveCfg = Release|x86
		{D3878625-2AAA-446C-A629-BDA795360C62}.Release|x86.Build.0 = Release|x86
		{D3878625-2AAA-446C-A629-BDA795360C62}.Release|x86.Deploy.0 = Release|x86
	EndGlobalSection
	GlobalSection(SolutionProperties) = preSolution
		HideSolutionNode = FALSE
	EndGlobalSection
EndGlobal
